// !$*UTF8*$!
{
	archiveVersion = 1;
	classes = {
	};
	objectVersion = 56;
	objects = {

/* Begin PBXBuildFile section */
		230C19782A8E42CD0069DB92 /* ToDosApp.sqlite in Resources */ = {isa = PBXBuildFile; fileRef = 230C19772A8E42CD0069DB92 /* ToDosApp.sqlite */; };
		232BDB552A802D06003AFFC6 /* ToDoCell.swift in Sources */ = {isa = PBXBuildFile; fileRef = 232BDB542A802D06003AFFC6 /* ToDoCell.swift */; };
		2334B9962A8777D800A99A05 /* HomePageViewModel.swift in Sources */ = {isa = PBXBuildFile; fileRef = 2334B9952A8777D800A99A05 /* HomePageViewModel.swift */; };
		2334B9982A87780200A99A05 /* ToDoAddViewModel.swift in Sources */ = {isa = PBXBuildFile; fileRef = 2334B9972A87780200A99A05 /* ToDoAddViewModel.swift */; };
		2334B99A2A87783A00A99A05 /* ToDoDetailViewModel.swift in Sources */ = {isa = PBXBuildFile; fileRef = 2334B9992A87783A00A99A05 /* ToDoDetailViewModel.swift */; };
		2334B99C2A87787100A99A05 /* ToDoDaoRepository.swift in Sources */ = {isa = PBXBuildFile; fileRef = 2334B99B2A87787100A99A05 /* ToDoDaoRepository.swift */; };
		2334B99F2A877C2E00A99A05 /* RxSwift in Frameworks */ = {isa = PBXBuildFile; productRef = 2334B99E2A877C2E00A99A05 /* RxSwift */; };
		237EC0662A8D69B300C7516C /* FMDatabaseAdditions.m in Sources */ = {isa = PBXBuildFile; fileRef = 237EC05B2A8D69B200C7516C /* FMDatabaseAdditions.m */; };
		237EC0672A8D69B300C7516C /* FMDatabase.m in Sources */ = {isa = PBXBuildFile; fileRef = 237EC05C2A8D69B200C7516C /* FMDatabase.m */; };
		237EC0682A8D69B300C7516C /* FMDatabaseQueue.m in Sources */ = {isa = PBXBuildFile; fileRef = 237EC0612A8D69B200C7516C /* FMDatabaseQueue.m */; };
		237EC0692A8D69B300C7516C /* FMResultSet.m in Sources */ = {isa = PBXBuildFile; fileRef = 237EC0632A8D69B300C7516C /* FMResultSet.m */; };
		237EC06A2A8D69B300C7516C /* FMDatabasePool.m in Sources */ = {isa = PBXBuildFile; fileRef = 237EC0652A8D69B300C7516C /* FMDatabasePool.m */; };
		23D0AAC22A7ACA9A00CC9C9C /* AppDelegate.swift in Sources */ = {isa = PBXBuildFile; fileRef = 23D0AAC12A7ACA9A00CC9C9C /* AppDelegate.swift */; };
		23D0AAC42A7ACA9A00CC9C9C /* SceneDelegate.swift in Sources */ = {isa = PBXBuildFile; fileRef = 23D0AAC32A7ACA9A00CC9C9C /* SceneDelegate.swift */; };
		23D0AAC62A7ACA9A00CC9C9C /* HomePageViewController.swift in Sources */ = {isa = PBXBuildFile; fileRef = 23D0AAC52A7ACA9A00CC9C9C /* HomePageViewController.swift */; };
		23D0AAC92A7ACA9A00CC9C9C /* Main.storyboard in Resources */ = {isa = PBXBuildFile; fileRef = 23D0AAC72A7ACA9A00CC9C9C /* Main.storyboard */; };
		23D0AACB2A7ACA9B00CC9C9C /* Assets.xcassets in Resources */ = {isa = PBXBuildFile; fileRef = 23D0AACA2A7ACA9B00CC9C9C /* Assets.xcassets */; };
		23D0AACE2A7ACA9B00CC9C9C /* LaunchScreen.storyboard in Resources */ = {isa = PBXBuildFile; fileRef = 23D0AACC2A7ACA9B00CC9C9C /* LaunchScreen.storyboard */; };
		23D0AADA2A7ACC4A00CC9C9C /* ToDoAddViewController.swift in Sources */ = {isa = PBXBuildFile; fileRef = 23D0AAD92A7ACC4A00CC9C9C /* ToDoAddViewController.swift */; };
		23D0AADC2A7ACC6100CC9C9C /* ToDoDetailViewController.swift in Sources */ = {isa = PBXBuildFile; fileRef = 23D0AADB2A7ACC6100CC9C9C /* ToDoDetailViewController.swift */; };
		23D0AADE2A7AD03E00CC9C9C /* ToDos.swift in Sources */ = {isa = PBXBuildFile; fileRef = 23D0AADD2A7AD03E00CC9C9C /* ToDos.swift */; };
/* End PBXBuildFile section */

/* Begin PBXFileReference section */
		230C19762A8E41E30069DB92 /* libsqlite3.tbd */ = {isa = PBXFileReference; lastKnownFileType = "sourcecode.text-based-dylib-definition"; name = libsqlite3.tbd; path = usr/lib/libsqlite3.tbd; sourceTree = SDKROOT; };
		230C19772A8E42CD0069DB92 /* ToDosApp.sqlite */ = {isa = PBXFileReference; lastKnownFileType = file; path = ToDosApp.sqlite; sourceTree = "<group>"; };
		232BDB542A802D06003AFFC6 /* ToDoCell.swift */ = {isa = PBXFileReference; lastKnownFileType = sourcecode.swift; path = ToDoCell.swift; sourceTree = "<group>"; };
		2334B9952A8777D800A99A05 /* HomePageViewModel.swift */ = {isa = PBXFileReference; lastKnownFileType = sourcecode.swift; path = HomePageViewModel.swift; sourceTree = "<group>"; };
		2334B9972A87780200A99A05 /* ToDoAddViewModel.swift */ = {isa = PBXFileReference; lastKnownFileType = sourcecode.swift; path = ToDoAddViewModel.swift; sourceTree = "<group>"; };
		2334B9992A87783A00A99A05 /* ToDoDetailViewModel.swift */ = {isa = PBXFileReference; lastKnownFileType = sourcecode.swift; path = ToDoDetailViewModel.swift; sourceTree = "<group>"; };
		2334B99B2A87787100A99A05 /* ToDoDaoRepository.swift */ = {isa = PBXFileReference; lastKnownFileType = sourcecode.swift; path = ToDoDaoRepository.swift; sourceTree = "<group>"; };
		237EC05A2A8D69B200C7516C /* ToDoApp-Bridging-Header.h */ = {isa = PBXFileReference; lastKnownFileType = sourcecode.c.h; path = "ToDoApp-Bridging-Header.h"; sourceTree = "<group>"; };
		237EC05B2A8D69B200C7516C /* FMDatabaseAdditions.m */ = {isa = PBXFileReference; fileEncoding = 4; lastKnownFileType = sourcecode.c.objc; path = FMDatabaseAdditions.m; sourceTree = "<group>"; };
		237EC05C2A8D69B200C7516C /* FMDatabase.m */ = {isa = PBXFileReference; fileEncoding = 4; lastKnownFileType = sourcecode.c.objc; path = FMDatabase.m; sourceTree = "<group>"; };
		237EC05D2A8D69B200C7516C /* FMDatabaseQueue.h */ = {isa = PBXFileReference; fileEncoding = 4; lastKnownFileType = sourcecode.c.h; path = FMDatabaseQueue.h; sourceTree = "<group>"; };
		237EC05E2A8D69B200C7516C /* FMDB.h */ = {isa = PBXFileReference; fileEncoding = 4; lastKnownFileType = sourcecode.c.h; path = FMDB.h; sourceTree = "<group>"; };
		237EC05F2A8D69B200C7516C /* FMDatabasePool.h */ = {isa = PBXFileReference; fileEncoding = 4; lastKnownFileType = sourcecode.c.h; path = FMDatabasePool.h; sourceTree = "<group>"; };
		237EC0602A8D69B200C7516C /* FMDatabase.h */ = {isa = PBXFileReference; fileEncoding = 4; lastKnownFileType = sourcecode.c.h; path = FMDatabase.h; sourceTree = "<group>"; };
		237EC0612A8D69B200C7516C /* FMDatabaseQueue.m */ = {isa = PBXFileReference; fileEncoding = 4; lastKnownFileType = sourcecode.c.objc; path = FMDatabaseQueue.m; sourceTree = "<group>"; };
		237EC0622A8D69B300C7516C /* FMResultSet.h */ = {isa = PBXFileReference; fileEncoding = 4; lastKnownFileType = sourcecode.c.h; path = FMResultSet.h; sourceTree = "<group>"; };
		237EC0632A8D69B300C7516C /* FMResultSet.m */ = {isa = PBXFileReference; fileEncoding = 4; lastKnownFileType = sourcecode.c.objc; path = FMResultSet.m; sourceTree = "<group>"; };
		237EC0642A8D69B300C7516C /* FMDatabaseAdditions.h */ = {isa = PBXFileReference; fileEncoding = 4; lastKnownFileType = sourcecode.c.h; path = FMDatabaseAdditions.h; sourceTree = "<group>"; };
		237EC0652A8D69B300C7516C /* FMDatabasePool.m */ = {isa = PBXFileReference; fileEncoding = 4; lastKnownFileType = sourcecode.c.objc; path = FMDatabasePool.m; sourceTree = "<group>"; };
		23D0AABE2A7ACA9A00CC9C9C /* ToDoApp.app */ = {isa = PBXFileReference; explicitFileType = wrapper.application; includeInIndex = 0; path = ToDoApp.app; sourceTree = BUILT_PRODUCTS_DIR; };
		23D0AAC12A7ACA9A00CC9C9C /* AppDelegate.swift */ = {isa = PBXFileReference; lastKnownFileType = sourcecode.swift; path = AppDelegate.swift; sourceTree = "<group>"; };
		23D0AAC32A7ACA9A00CC9C9C /* SceneDelegate.swift */ = {isa = PBXFileReference; lastKnownFileType = sourcecode.swift; path = SceneDelegate.swift; sourceTree = "<group>"; };
		23D0AAC52A7ACA9A00CC9C9C /* HomePageViewController.swift */ = {isa = PBXFileReference; lastKnownFileType = sourcecode.swift; path = HomePageViewController.swift; sourceTree = "<group>"; };
		23D0AAC82A7ACA9A00CC9C9C /* Base */ = {isa = PBXFileReference; lastKnownFileType = file.storyboard; name = Base; path = Base.lproj/Main.storyboard; sourceTree = "<group>"; };
		23D0AACA2A7ACA9B00CC9C9C /* Assets.xcassets */ = {isa = PBXFileReference; lastKnownFileType = folder.assetcatalog; path = Assets.xcassets; sourceTree = "<group>"; };
		23D0AACD2A7ACA9B00CC9C9C /* Base */ = {isa = PBXFileReference; lastKnownFileType = file.storyboard; name = Base; path = Base.lproj/LaunchScreen.storyboard; sourceTree = "<group>"; };
		23D0AACF2A7ACA9B00CC9C9C /* Info.plist */ = {isa = PBXFileReference; lastKnownFileType = text.plist.xml; path = Info.plist; sourceTree = "<group>"; };
		23D0AAD92A7ACC4A00CC9C9C /* ToDoAddViewController.swift */ = {isa = PBXFileReference; lastKnownFileType = sourcecode.swift; path = ToDoAddViewController.swift; sourceTree = "<group>"; };
		23D0AADB2A7ACC6100CC9C9C /* ToDoDetailViewController.swift */ = {isa = PBXFileReference; lastKnownFileType = sourcecode.swift; path = ToDoDetailViewController.swift; sourceTree = "<group>"; };
		23D0AADD2A7AD03E00CC9C9C /* ToDos.swift */ = {isa = PBXFileReference; lastKnownFileType = sourcecode.swift; path = ToDos.swift; sourceTree = "<group>"; };
/* End PBXFileReference section */

/* Begin PBXFrameworksBuildPhase section */
		23D0AABB2A7ACA9A00CC9C9C /* Frameworks */ = {
			isa = PBXFrameworksBuildPhase;
			buildActionMask = 2147483647;
			files = (
				2334B99F2A877C2E00A99A05 /* RxSwift in Frameworks */,
			);
			runOnlyForDeploymentPostprocessing = 0;
		};
/* End PBXFrameworksBuildPhase section */

/* Begin PBXGroup section */
		230C19752A8E41E30069DB92 /* Frameworks */ = {
			isa = PBXGroup;
			children = (
				230C19762A8E41E30069DB92 /* libsqlite3.tbd */,
			);
			name = Frameworks;
			sourceTree = "<group>";
		};
		232BDB532A802CB7003AFFC6 /* TableView */ = {
			isa = PBXGroup;
			children = (
				232BDB542A802D06003AFFC6 /* ToDoCell.swift */,
			);
			path = TableView;
			sourceTree = "<group>";
		};
		2334B9932A8777AE00A99A05 /* ViewModel */ = {
			isa = PBXGroup;
			children = (
				2334B9952A8777D800A99A05 /* HomePageViewModel.swift */,
				2334B9972A87780200A99A05 /* ToDoAddViewModel.swift */,
				2334B9992A87783A00A99A05 /* ToDoDetailViewModel.swift */,
			);
			path = ViewModel;
			sourceTree = "<group>";
		};
		2334B9942A8777BA00A99A05 /* Repository */ = {
			isa = PBXGroup;
			children = (
				2334B99B2A87787100A99A05 /* ToDoDaoRepository.swift */,
			);
			path = Repository;
			sourceTree = "<group>";
		};
		23D0AAB52A7ACA9A00CC9C9C = {
			isa = PBXGroup;
			children = (
				23D0AAC02A7ACA9A00CC9C9C /* ToDoApp */,
				23D0AABF2A7ACA9A00CC9C9C /* Products */,
				230C19752A8E41E30069DB92 /* Frameworks */,
			);
			sourceTree = "<group>";
		};
		23D0AABF2A7ACA9A00CC9C9C /* Products */ = {
			isa = PBXGroup;
			children = (
				23D0AABE2A7ACA9A00CC9C9C /* ToDoApp.app */,
			);
			name = Products;
			sourceTree = "<group>";
		};
		23D0AAC02A7ACA9A00CC9C9C /* ToDoApp */ = {
			isa = PBXGroup;
			children = (
				23D0AAC12A7ACA9A00CC9C9C /* AppDelegate.swift */,
				23D0AAC32A7ACA9A00CC9C9C /* SceneDelegate.swift */,
				23D0AAD52A7ACAB500CC9C9C /* UI */,
				23D0AAD62A7ACABF00CC9C9C /* Data */,
				23D0AAC72A7ACA9A00CC9C9C /* Main.storyboard */,
				23D0AACA2A7ACA9B00CC9C9C /* Assets.xcassets */,
				23D0AACC2A7ACA9B00CC9C9C /* LaunchScreen.storyboard */,
				23D0AACF2A7ACA9B00CC9C9C /* Info.plist */,
				230C19772A8E42CD0069DB92 /* ToDosApp.sqlite */,
				237EC0602A8D69B200C7516C /* FMDatabase.h */,
				237EC05C2A8D69B200C7516C /* FMDatabase.m */,
				237EC0642A8D69B300C7516C /* FMDatabaseAdditions.h */,
				237EC05B2A8D69B200C7516C /* FMDatabaseAdditions.m */,
				237EC05F2A8D69B200C7516C /* FMDatabasePool.h */,
				237EC0652A8D69B300C7516C /* FMDatabasePool.m */,
				237EC05D2A8D69B200C7516C /* FMDatabaseQueue.h */,
				237EC0612A8D69B200C7516C /* FMDatabaseQueue.m */,
				237EC05E2A8D69B200C7516C /* FMDB.h */,
				237EC0622A8D69B300C7516C /* FMResultSet.h */,
				237EC0632A8D69B300C7516C /* FMResultSet.m */,
				237EC05A2A8D69B200C7516C /* ToDoApp-Bridging-Header.h */,
			);
			path = ToDoApp;
			sourceTree = "<group>";
		};
		23D0AAD52A7ACAB500CC9C9C /* UI */ = {
			isa = PBXGroup;
			children = (
				2334B9932A8777AE00A99A05 /* ViewModel */,
				232BDB532A802CB7003AFFC6 /* TableView */,
				23D0AAD82A7ACAD300CC9C9C /* Views */,
			);
			path = UI;
			sourceTree = "<group>";
		};
		23D0AAD62A7ACABF00CC9C9C /* Data */ = {
			isa = PBXGroup;
			children = (
				2334B9942A8777BA00A99A05 /* Repository */,
				23D0AAD72A7ACACA00CC9C9C /* Entity */,
			);
			path = Data;
			sourceTree = "<group>";
		};
		23D0AAD72A7ACACA00CC9C9C /* Entity */ = {
			isa = PBXGroup;
			children = (
				23D0AADD2A7AD03E00CC9C9C /* ToDos.swift */,
			);
			path = Entity;
			sourceTree = "<group>";
		};
		23D0AAD82A7ACAD300CC9C9C /* Views */ = {
			isa = PBXGroup;
			children = (
				23D0AAC52A7ACA9A00CC9C9C /* HomePageViewController.swift */,
				23D0AAD92A7ACC4A00CC9C9C /* ToDoAddViewController.swift */,
				23D0AADB2A7ACC6100CC9C9C /* ToDoDetailViewController.swift */,
			);
			path = Views;
			sourceTree = "<group>";
		};
/* End PBXGroup section */

/* Begin PBXNativeTarget section */
		23D0AABD2A7ACA9A00CC9C9C /* ToDoApp */ = {
			isa = PBXNativeTarget;
			buildConfigurationList = 23D0AAD22A7ACA9B00CC9C9C /* Build configuration list for PBXNativeTarget "ToDoApp" */;
			buildPhases = (
				23D0AABA2A7ACA9A00CC9C9C /* Sources */,
				23D0AABB2A7ACA9A00CC9C9C /* Frameworks */,
				23D0AABC2A7ACA9A00CC9C9C /* Resources */,
			);
			buildRules = (
			);
			dependencies = (
			);
			name = ToDoApp;
			packageProductDependencies = (
				2334B99E2A877C2E00A99A05 /* RxSwift */,
			);
			productName = ToDoApp;
			productReference = 23D0AABE2A7ACA9A00CC9C9C /* ToDoApp.app */;
			productType = "com.apple.product-type.application";
		};
/* End PBXNativeTarget section */

/* Begin PBXProject section */
		23D0AAB62A7ACA9A00CC9C9C /* Project object */ = {
			isa = PBXProject;
			attributes = {
				BuildIndependentTargetsInParallel = 1;
				LastSwiftUpdateCheck = 1420;
				LastUpgradeCheck = 1420;
				TargetAttributes = {
					23D0AABD2A7ACA9A00CC9C9C = {
						CreatedOnToolsVersion = 14.2;
						LastSwiftMigration = 1420;
					};
				};
			};
			buildConfigurationList = 23D0AAB92A7ACA9A00CC9C9C /* Build configuration list for PBXProject "ToDoApp" */;
			compatibilityVersion = "Xcode 14.0";
			developmentRegion = en;
			hasScannedForEncodings = 0;
			knownRegions = (
				en,
				Base,
			);
			mainGroup = 23D0AAB52A7ACA9A00CC9C9C;
			packageReferences = (
				2334B99D2A877C2E00A99A05 /* XCRemoteSwiftPackageReference "RxSwift" */,
			);
			productRefGroup = 23D0AABF2A7ACA9A00CC9C9C /* Products */;
			projectDirPath = "";
			projectRoot = "";
			targets = (
				23D0AABD2A7ACA9A00CC9C9C /* ToDoApp */,
			);
		};
/* End PBXProject section */

/* Begin PBXResourcesBuildPhase section */
		23D0AABC2A7ACA9A00CC9C9C /* Resources */ = {
			isa = PBXResourcesBuildPhase;
			buildActionMask = 2147483647;
			files = (
				23D0AACE2A7ACA9B00CC9C9C /* LaunchScreen.storyboard in Resources */,
				230C19782A8E42CD0069DB92 /* ToDosApp.sqlite in Resources */,
				23D0AACB2A7ACA9B00CC9C9C /* Assets.xcassets in Resources */,
				23D0AAC92A7ACA9A00CC9C9C /* Main.storyboard in Resources */,
			);
			runOnlyForDeploymentPostprocessing = 0;
		};
/* End PBXResourcesBuildPhase section */

/* Begin PBXSourcesBuildPhase section */
		23D0AABA2A7ACA9A00CC9C9C /* Sources */ = {
			isa = PBXSourcesBuildPhase;
			buildActionMask = 2147483647;
			files = (
				23D0AAC62A7ACA9A00CC9C9C /* HomePageViewController.swift in Sources */,
				2334B99A2A87783A00A99A05 /* ToDoDetailViewModel.swift in Sources */,
				237EC0672A8D69B300C7516C /* FMDatabase.m in Sources */,
				237EC0682A8D69B300C7516C /* FMDatabaseQueue.m in Sources */,
				23D0AAC22A7ACA9A00CC9C9C /* AppDelegate.swift in Sources */,
				2334B99C2A87787100A99A05 /* ToDoDaoRepository.swift in Sources */,
				232BDB552A802D06003AFFC6 /* ToDoCell.swift in Sources */,
				23D0AAC42A7ACA9A00CC9C9C /* SceneDelegate.swift in Sources */,
				2334B9982A87780200A99A05 /* ToDoAddViewModel.swift in Sources */,
				237EC0692A8D69B300C7516C /* FMResultSet.m in Sources */,
				2334B9962A8777D800A99A05 /* HomePageViewModel.swift in Sources */,
				23D0AADE2A7AD03E00CC9C9C /* ToDos.swift in Sources */,
				23D0AADC2A7ACC6100CC9C9C /* ToDoDetailViewController.swift in Sources */,
				237EC06A2A8D69B300C7516C /* FMDatabasePool.m in Sources */,
				23D0AADA2A7ACC4A00CC9C9C /* ToDoAddViewController.swift in Sources */,
				237EC0662A8D69B300C7516C /* FMDatabaseAdditions.m in Sources */,
			);
			runOnlyForDeploymentPostprocessing = 0;
		};
/* End PBXSourcesBuildPhase section */

/* Begin PBXVariantGroup section */
		23D0AAC72A7ACA9A00CC9C9C /* Main.storyboard */ = {
			isa = PBXVariantGroup;
			children = (
				23D0AAC82A7ACA9A00CC9C9C /* Base */,
			);
			name = Main.storyboard;
			sourceTree = "<group>";
		};
		23D0AACC2A7ACA9B00CC9C9C /* LaunchScreen.storyboard */ = {
			isa = PBXVariantGroup;
			children = (
				23D0AACD2A7ACA9B00CC9C9C /* Base */,
			);
			name = LaunchScreen.storyboard;
			sourceTree = "<group>";
		};
/* End PBXVariantGroup section */

/* Begin XCBuildConfiguration section */
		23D0AAD02A7ACA9B00CC9C9C /* Debug */ = {
			isa = XCBuildConfiguration;
			buildSettings = {
				ALWAYS_SEARCH_USER_PATHS = NO;
				CLANG_ANALYZER_NONNULL = YES;
				CLANG_ANALYZER_NUMBER_OBJECT_CONVERSION = YES_AGGRESSIVE;
				CLANG_CXX_LANGUAGE_STANDARD = "gnu++20";
				CLANG_ENABLE_MODULES = YES;
				CLANG_ENABLE_OBJC_ARC = YES;
				CLANG_ENABLE_OBJC_WEAK = YES;
				CLANG_WARN_BLOCK_CAPTURE_AUTORELEASING = YES;
				CLANG_WARN_BOOL_CONVERSION = YES;
				CLANG_WARN_COMMA = YES;
				CLANG_WARN_CONSTANT_CONVERSION = YES;
				CLANG_WARN_DEPRECATED_OBJC_IMPLEMENTATIONS = YES;
				CLANG_WARN_DIRECT_OBJC_ISA_USAGE = YES_ERROR;
				CLANG_WARN_DOCUMENTATION_COMMENTS = YES;
				CLANG_WARN_EMPTY_BODY = YES;
				CLANG_WARN_ENUM_CONVERSION = YES;
				CLANG_WARN_INFINITE_RECURSION = YES;
				CLANG_WARN_INT_CONVERSION = YES;
				CLANG_WARN_NON_LITERAL_NULL_CONVERSION = YES;
				CLANG_WARN_OBJC_IMPLICIT_RETAIN_SELF = YES;
				CLANG_WARN_OBJC_LITERAL_CONVERSION = YES;
				CLANG_WARN_OBJC_ROOT_CLASS = YES_ERROR;
				CLANG_WARN_QUOTED_INCLUDE_IN_FRAMEWORK_HEADER = YES;
				CLANG_WARN_RANGE_LOOP_ANALYSIS = YES;
				CLANG_WARN_STRICT_PROTOTYPES = YES;
				CLANG_WARN_SUSPICIOUS_MOVE = YES;
				CLANG_WARN_UNGUARDED_AVAILABILITY = YES_AGGRESSIVE;
				CLANG_WARN_UNREACHABLE_CODE = YES;
				CLANG_WARN__DUPLICATE_METHOD_MATCH = YES;
				COPY_PHASE_STRIP = NO;
				DEBUG_INFORMATION_FORMAT = dwarf;
				ENABLE_STRICT_OBJC_MSGSEND = YES;
				ENABLE_TESTABILITY = YES;
				GCC_C_LANGUAGE_STANDARD = gnu11;
				GCC_DYNAMIC_NO_PIC = NO;
				GCC_NO_COMMON_BLOCKS = YES;
				GCC_OPTIMIZATION_LEVEL = 0;
				GCC_PREPROCESSOR_DEFINITIONS = (
					"DEBUG=1",
					"$(inherited)",
				);
				GCC_WARN_64_TO_32_BIT_CONVERSION = YES;
				GCC_WARN_ABOUT_RETURN_TYPE = YES_ERROR;
				GCC_WARN_UNDECLARED_SELECTOR = YES;
				GCC_WARN_UNINITIALIZED_AUTOS = YES_AGGRESSIVE;
				GCC_WARN_UNUSED_FUNCTION = YES;
				GCC_WARN_UNUSED_VARIABLE = YES;
				IPHONEOS_DEPLOYMENT_TARGET = 16.2;
				MTL_ENABLE_DEBUG_INFO = INCLUDE_SOURCE;
				MTL_FAST_MATH = YES;
				ONLY_ACTIVE_ARCH = YES;
				SDKROOT = iphoneos;
				SWIFT_ACTIVE_COMPILATION_CONDITIONS = DEBUG;
				SWIFT_OPTIMIZATION_LEVEL = "-Onone";
			};
			name = Debug;
		};
		23D0AAD12A7ACA9B00CC9C9C /* Release */ = {
			isa = XCBuildConfiguration;
			buildSettings = {
				ALWAYS_SEARCH_USER_PATHS = NO;
				CLANG_ANALYZER_NONNULL = YES;
				CLANG_ANALYZER_NUMBER_OBJECT_CONVERSION = YES_AGGRESSIVE;
				CLANG_CXX_LANGUAGE_STANDARD = "gnu++20";
				CLANG_ENABLE_MODULES = YES;
				CLANG_ENABLE_OBJC_ARC = YES;
				CLANG_ENABLE_OBJC_WEAK = YES;
				CLANG_WARN_BLOCK_CAPTURE_AUTORELEASING = YES;
				CLANG_WARN_BOOL_CONVERSION = YES;
				CLANG_WARN_COMMA = YES;
				CLANG_WARN_CONSTANT_CONVERSION = YES;
				CLANG_WARN_DEPRECATED_OBJC_IMPLEMENTATIONS = YES;
				CLANG_WARN_DIRECT_OBJC_ISA_USAGE = YES_ERROR;
				CLANG_WARN_DOCUMENTATION_COMMENTS = YES;
				CLANG_WARN_EMPTY_BODY = YES;
				CLANG_WARN_ENUM_CONVERSION = YES;
				CLANG_WARN_INFINITE_RECURSION = YES;
				CLANG_WARN_INT_CONVERSION = YES;
				CLANG_WARN_NON_LITERAL_NULL_CONVERSION = YES;
				CLANG_WARN_OBJC_IMPLICIT_RETAIN_SELF = YES;
				CLANG_WARN_OBJC_LITERAL_CONVERSION = YES;
				CLANG_WARN_OBJC_ROOT_CLASS = YES_ERROR;
				CLANG_WARN_QUOTED_INCLUDE_IN_FRAMEWORK_HEADER = YES;
				CLANG_WARN_RANGE_LOOP_ANALYSIS = YES;
				CLANG_WARN_STRICT_PROTOTYPES = YES;
				CLANG_WARN_SUSPICIOUS_MOVE = YES;
				CLANG_WARN_UNGUARDED_AVAILABILITY = YES_AGGRESSIVE;
				CLANG_WARN_UNREACHABLE_CODE = YES;
				CLANG_WARN__DUPLICATE_METHOD_MATCH = YES;
				COPY_PHASE_STRIP = NO;
				DEBUG_INFORMATION_FORMAT = "dwarf-with-dsym";
				ENABLE_NS_ASSERTIONS = NO;
				ENABLE_STRICT_OBJC_MSGSEND = YES;
				GCC_C_LANGUAGE_STANDARD = gnu11;
				GCC_NO_COMMON_BLOCKS = YES;
				GCC_WARN_64_TO_32_BIT_CONVERSION = YES;
				GCC_WARN_ABOUT_RETURN_TYPE = YES_ERROR;
				GCC_WARN_UNDECLARED_SELECTOR = YES;
				GCC_WARN_UNINITIALIZED_AUTOS = YES_AGGRESSIVE;
				GCC_WARN_UNUSED_FUNCTION = YES;
				GCC_WARN_UNUSED_VARIABLE = YES;
				IPHONEOS_DEPLOYMENT_TARGET = 16.2;
				MTL_ENABLE_DEBUG_INFO = NO;
				MTL_FAST_MATH = YES;
				SDKROOT = iphoneos;
				SWIFT_COMPILATION_MODE = wholemodule;
				SWIFT_OPTIMIZATION_LEVEL = "-O";
				VALIDATE_PRODUCT = YES;
			};
			name = Release;
		};
		23D0AAD32A7ACA9B00CC9C9C /* Debug */ = {
			isa = XCBuildConfiguration;
			buildSettings = {
				ASSETCATALOG_COMPILER_APPICON_NAME = AppIcon;
				ASSETCATALOG_COMPILER_GLOBAL_ACCENT_COLOR_NAME = AccentColor;
				CLANG_ENABLE_MODULES = YES;
				CODE_SIGN_STYLE = Automatic;
				CURRENT_PROJECT_VERSION = 1;
				GENERATE_INFOPLIST_FILE = YES;
				INFOPLIST_FILE = ToDoApp/Info.plist;
				INFOPLIST_KEY_UIApplicationSupportsIndirectInputEvents = YES;
				INFOPLIST_KEY_UILaunchStoryboardName = LaunchScreen;
				INFOPLIST_KEY_UIMainStoryboardFile = Main;
				INFOPLIST_KEY_UISupportedInterfaceOrientations_iPad = "UIInterfaceOrientationPortrait UIInterfaceOrientationPortraitUpsideDown UIInterfaceOrientationLandscapeLeft UIInterfaceOrientationLandscapeRight";
				INFOPLIST_KEY_UISupportedInterfaceOrientations_iPhone = "UIInterfaceOrientationPortrait UIInterfaceOrientationLandscapeLeft UIInterfaceOrientationLandscapeRight";
				LD_RUNPATH_SEARCH_PATHS = (
					"$(inherited)",
					"@executable_path/Frameworks",
				);
				MARKETING_VERSION = 1.0;
				PRODUCT_BUNDLE_IDENTIFIER = com.beyza.ToDoApp;
				PRODUCT_NAME = "$(TARGET_NAME)";
				SWIFT_EMIT_LOC_STRINGS = YES;
				SWIFT_OBJC_BRIDGING_HEADER = "ToDoApp/ToDoApp-Bridging-Header.h";
				SWIFT_OPTIMIZATION_LEVEL = "-Onone";
				SWIFT_VERSION = 5.0;
				TARGETED_DEVICE_FAMILY = "1,2";
			};
			name = Debug;
		};
		23D0AAD42A7ACA9B00CC9C9C /* Release */ = {
			isa = XCBuildConfiguration;
			buildSettings = {
				ASSETCATALOG_COMPILER_APPICON_NAME = AppIcon;
				ASSETCATALOG_COMPILER_GLOBAL_ACCENT_COLOR_NAME = AccentColor;
				CLANG_ENABLE_MODULES = YES;
				CODE_SIGN_STYLE = Automatic;
				CURRENT_PROJECT_VERSION = 1;
				GENERATE_INFOPLIST_FILE = YES;
				INFOPLIST_FILE = ToDoApp/Info.plist;
				INFOPLIST_KEY_UIApplicationSupportsIndirectInputEvents = YES;
				INFOPLIST_KEY_UILaunchStoryboardName = LaunchScreen;
				INFOPLIST_KEY_UIMainStoryboardFile = Main;
				INFOPLIST_KEY_UISupportedInterfaceOrientations_iPad = "UIInterfaceOrientationPortrait UIInterfaceOrientationPortraitUpsideDown UIInterfaceOrientationLandscapeLeft UIInterfaceOrientationLandscapeRight";
				INFOPLIST_KEY_UISupportedInterfaceOrientations_iPhone = "UIInterfaceOrientationPortrait UIInterfaceOrientationLandscapeLeft UIInterfaceOrientationLandscapeRight";
				LD_RUNPATH_SEARCH_PATHS = (
					"$(inherited)",
					"@executable_path/Frameworks",
				);
				MARKETING_VERSION = 1.0;
				PRODUCT_BUNDLE_IDENTIFIER = com.beyza.ToDoApp;
				PRODUCT_NAME = "$(TARGET_NAME)";
				SWIFT_EMIT_LOC_STRINGS = YES;
				SWIFT_OBJC_BRIDGING_HEADER = "ToDoApp/ToDoApp-Bridging-Header.h";
				SWIFT_VERSION = 5.0;
				TARGETED_DEVICE_FAMILY = "1,2";
			};
			name = Release;
		};
/* End XCBuildConfiguration section */

/* Begin XCConfigurationList section */
		23D0AAB92A7ACA9A00CC9C9C /* Build configuration list for PBXProject "ToDoApp" */ = {
			isa = XCConfigurationList;
			buildConfigurations = (
				23D0AAD02A7ACA9B00CC9C9C /* Debug */,
				23D0AAD12A7ACA9B00CC9C9C /* Release */,
			);
			defaultConfigurationIsVisible = 0;
			defaultConfigurationName = Release;
		};
		23D0AAD22A7ACA9B00CC9C9C /* Build configuration list for PBXNativeTarget "ToDoApp" */ = {
			isa = XCConfigurationList;
			buildConfigurations = (
				23D0AAD32A7ACA9B00CC9C9C /* Debug */,
				23D0AAD42A7ACA9B00CC9C9C /* Release */,
			);
			defaultConfigurationIsVisible = 0;
			defaultConfigurationName = Release;
		};
/* End XCConfigurationList section */

/* Begin XCRemoteSwiftPackageReference section */
		2334B99D2A877C2E00A99A05 /* XCRemoteSwiftPackageReference "RxSwift" */ = {
			isa = XCRemoteSwiftPackageReference;
			repositoryURL = "https://github.com/ReactiveX/RxSwift.git";
			requirement = {
				branch = main;
				kind = branch;
			};
		};
/* End XCRemoteSwiftPackageReference section */

/* Begin XCSwiftPackageProductDependency section */
		2334B99E2A877C2E00A99A05 /* RxSwift */ = {
			isa = XCSwiftPackageProductDependency;
			package = 2334B99D2A877C2E00A99A05 /* XCRemoteSwiftPackageReference "RxSwift" */;
			productName = RxSwift;
		};
/* End XCSwiftPackageProductDependency section */
	};
	rootObject = 23D0AAB62A7ACA9A00CC9C9C /* Project object */;
}
